
Microsoft Visual Studio Solution File, Format Version 12.00
# Visual Studio Version 17
VisualStudioVersion = 17.13.35919.96 d17.13
MinimumVisualStudioVersion = 10.0.40219.1
Project("{FAE04EC0-301F-11D3-BF4B-00C04F79EFBC}") = "HurtowniaFarmaceutycznaLibrary", "HurtowniaFarmaceutycznaLibrary\HurtowniaFarmaceutycznaLibrary.csproj", "{7A3F35F2-81E9-4951-B955-BC16D2286E19}"
EndProject
Project("{FAE04EC0-301F-11D3-BF4B-00C04F79EFBC}") = "HurtowniaFarmaceutycznaApp", "HurtowniaFarmaceutycznaApp\HurtowniaFarmaceutycznaApp.csproj", "{ECF41199-1CB2-41A3-B560-E0FBA93D8CC4}"
EndProject
Global
	GlobalSection(SolutionConfigurationPlatforms) = preSolution
		Debug|Any CPU = Debug|Any CPU
		Release|Any CPU = Release|Any CPU
	EndGlobalSection
	GlobalSection(ProjectConfigurationPlatforms) = postSolution
		{7A3F35F2-81E9-4951-B955-BC16D2286E19}.Debug|Any CPU.ActiveCfg = Debug|Any CPU
		{7A3F35F2-81E9-4951-B955-BC16D2286E19}.Debug|Any CPU.Build.0 = Debug|Any CPU
		{7A3F35F2-81E9-4951-B955-BC16D2286E19}.Release|Any CPU.ActiveCfg = Release|Any CPU
		{7A3F35F2-81E9-4951-B955-BC16D2286E19}.Release|Any CPU.Build.0 = Release|Any CPU
		{ECF41199-1CB2-41A3-B560-E0FBA93D8CC4}.Debug|Any CPU.ActiveCfg = Debug|Any CPU
		{ECF41199-1CB2-41A3-B560-E0FBA93D8CC4}.Debug|Any CPU.Build.0 = Debug|Any CPU
		{ECF41199-1CB2-41A3-B560-E0FBA93D8CC4}.Release|Any CPU.ActiveCfg = Release|Any CPU
		{ECF41199-1CB2-41A3-B560-E0FBA93D8CC4}.Release|Any CPU.Build.0 = Release|Any CPU
	EndGlobalSection
	GlobalSection(SolutionProperties) = preSolution
		HideSolutionNode = FALSE
	EndGlobalSection
	GlobalSection(ExtensibilityGlobals) = postSolution
		SolutionGuid = {EEDD4593-E4D6-4C66-9259-0220E59E69BF}
	EndGlobalSection
EndGlobal
